
Microsoft Visual Studio Solution File, Format Version 12.00
# Visual Studio Version 17
VisualStudioVersion = 17.7.34031.279
MinimumVisualStudioVersion = 10.0.40219.1
Project("{FAE04EC0-301F-11D3-BF4B-00C04F79EFBC}") = "DengueDisease", "DengueDisease\DengueDisease.csproj", "{BFE2FB0A-DAC3-4EC0-960B-D10E267D415B}"
EndProject
Global
	GlobalSection(SolutionConfigurationPlatforms) = preSolution
		Debug|Any CPU = Debug|Any CPU
		Release|Any CPU = Release|Any CPU
	EndGlobalSection
	GlobalSection(ProjectConfigurationPlatforms) = postSolution
		{BFE2FB0A-DAC3-4EC0-960B-D10E267D415B}.Debug|Any CPU.ActiveCfg = Debug|Any CPU
		{BFE2FB0A-DAC3-4EC0-960B-D10E267D415B}.Debug|Any CPU.Build.0 = Debug|Any CPU
		{BFE2FB0A-DAC3-4EC0-960B-D10E267D415B}.Release|Any CPU.ActiveCfg = Release|Any CPU
		{BFE2FB0A-DAC3-4EC0-960B-D10E267D415B}.Release|Any CPU.Build.0 = Release|Any CPU
	EndGlobalSection
	GlobalSection(SolutionProperties) = preSolution
		HideSolutionNode = FALSE
	EndGlobalSection
	GlobalSection(ExtensibilityGlobals) = postSolution
		SolutionGuid = {FA0FC680-C9E7-4A32-871B-FE8676A04517}
	EndGlobalSection
EndGlobal
